Microsoft Visual Studio Solution File, Format Version 12.00
# Visual Studio 2012
Project("{FAE04EC0-301F-11D3-BF4B-00C04F79EFBC}") = "test_servers", "test_servers.csproj", "{34564657-F647-4FE2-A6E8-E3F55672CAD3}"
EndProject
Global
	GlobalSection(SolutionConfigurationPlatforms) = preSolution
	Debug|Any CPU = Debug|Any CPU
	ExportDebug|Any CPU = ExportDebug|Any CPU
	ExportRelease|Any CPU = ExportRelease|Any CPU
	EndGlobalSection
	GlobalSection(ProjectConfigurationPlatforms) = postSolution
		{34564657-F647-4FE2-A6E8-E3F55672CAD3}.Debug|Any CPU.ActiveCfg = Debug|Any CPU
		{34564657-F647-4FE2-A6E8-E3F55672CAD3}.Debug|Any CPU.Build.0 = Debug|Any CPU
		{34564657-F647-4FE2-A6E8-E3F55672CAD3}.ExportDebug|Any CPU.ActiveCfg = ExportDebug|Any CPU
		{34564657-F647-4FE2-A6E8-E3F55672CAD3}.ExportDebug|Any CPU.Build.0 = ExportDebug|Any CPU
		{34564657-F647-4FE2-A6E8-E3F55672CAD3}.ExportRelease|Any CPU.ActiveCfg = ExportRelease|Any CPU
		{34564657-F647-4FE2-A6E8-E3F55672CAD3}.ExportRelease|Any CPU.Build.0 = ExportRelease|Any CPU
	EndGlobalSection
EndGlobal
